<?xml version="1.0" encoding="utf-8"?>
<Project ToolsVersion="4.0" xmlns="http://schemas.microsoft.com/developer/msbuild/2003">
  <ItemGroup>
    <ClCompile Include="WordToDigitConverterTest.cpp">
      <Filter>Source Files</Filter>
    </ClCompile>
    <ClCompile Include="..\WordToDigitConverter\src\WordChecker.cpp">
      <Filter>Source Files</Filter>
    </ClCompile>
    <ClCompile Include="src\WordCheckerTest.cpp">
      <Filter>Test Files</Filter>
    </ClCompile>
    <ClCompile Include="..\WordToDigitConverter\src\ParagraphParser.cpp">
      <Filter>Source Files</Filter>
    </ClCompile>
    <ClCompile Include="src\ParagraphParserTest.cpp">
      <Filter>Test Files</Filter>
    </ClCompile>
  </ItemGroup>
  <ItemGroup>
    <Filter Include="Source Files">
      <UniqueIdentifier>{467d16d0-c992-444f-92f9-2e3cd8fa2273}</UniqueIdentifier>
    </Filter>
    <Filter Include="Test Files">
      <UniqueIdentifier>{d97664b4-8fd5-4c92-bac6-28374c657e28}</UniqueIdentifier>
    </Filter>
  </ItemGroup>
</Project>